// !$*UTF8*$!
{
	archiveVersion = 1;
	classes = {
	};
	objectVersion = 55;
	objects = {

/* Begin PBXBuildFile section */
		7867F21E7967FA79B6F50E84 /* Pods_WeatherApp.framework in Frameworks */ = {isa = PBXBuildFile; fileRef = 19AE4F021E3A8236CAD739B6 /* Pods_WeatherApp.framework */; };
		D2631C8012F2B253D8D1FE9E /* Pods_WeatherApp_WeatherAppUITests.framework in Frameworks */ = {isa = PBXBuildFile; fileRef = 2D5D183A20A8087E85B4EEE9 /* Pods_WeatherApp_WeatherAppUITests.framework */; };
		EA3EB2C828C3218E003E5766 /* AppDelegate.swift in Sources */ = {isa = PBXBuildFile; fileRef = EA3EB2C728C3218E003E5766 /* AppDelegate.swift */; };
		EA3EB2CA28C3218E003E5766 /* SceneDelegate.swift in Sources */ = {isa = PBXBuildFile; fileRef = EA3EB2C928C3218E003E5766 /* SceneDelegate.swift */; };
		EA3EB2CC28C3218E003E5766 /* HomeViewController.swift in Sources */ = {isa = PBXBuildFile; fileRef = EA3EB2CB28C3218E003E5766 /* HomeViewController.swift */; };
		EA3EB2D128C32190003E5766 /* Assets.xcassets in Resources */ = {isa = PBXBuildFile; fileRef = EA3EB2D028C32190003E5766 /* Assets.xcassets */; };
		EA3EB2D428C32190003E5766 /* LaunchScreen.storyboard in Resources */ = {isa = PBXBuildFile; fileRef = EA3EB2D228C32190003E5766 /* LaunchScreen.storyboard */; };
		EA3EB2DF28C32191003E5766 /* WeatherAppTests.swift in Sources */ = {isa = PBXBuildFile; fileRef = EA3EB2DE28C32191003E5766 /* WeatherAppTests.swift */; };
		EA3EB2E928C32191003E5766 /* WeatherAppUITests.swift in Sources */ = {isa = PBXBuildFile; fileRef = EA3EB2E828C32191003E5766 /* WeatherAppUITests.swift */; };
		EA3EB2EB28C32191003E5766 /* WeatherAppUITestsLaunchTests.swift in Sources */ = {isa = PBXBuildFile; fileRef = EA3EB2EA28C32191003E5766 /* WeatherAppUITestsLaunchTests.swift */; };
		EAAE672B28CB43F600790263 /* AppCoordinator.swift in Sources */ = {isa = PBXBuildFile; fileRef = EAAE672A28CB43F600790263 /* AppCoordinator.swift */; };
		EAAE672E28CBB41D00790263 /* CityWeatherViewModel.swift in Sources */ = {isa = PBXBuildFile; fileRef = EAAE672D28CBB41D00790263 /* CityWeatherViewModel.swift */; };
		EAAE673028CBB43300790263 /* HomeViewModel.swift in Sources */ = {isa = PBXBuildFile; fileRef = EAAE672F28CBB43300790263 /* HomeViewModel.swift */; };
		EAAE673428CBB7C800790263 /* CityWeatherCollectionViewCell.swift in Sources */ = {isa = PBXBuildFile; fileRef = EAAE673328CBB7C800790263 /* CityWeatherCollectionViewCell.swift */; };
		EAAE673728CD102400790263 /* PlacesAutocompleteService.swift in Sources */ = {isa = PBXBuildFile; fileRef = EAAE673628CD102400790263 /* PlacesAutocompleteService.swift */; };
		EAAE673A28CD108800790263 /* CoreDataManager.swift in Sources */ = {isa = PBXBuildFile; fileRef = EAAE673928CD108800790263 /* CoreDataManager.swift */; };
		EAAE673C28CDBA0500790263 /* WeatherService.swift in Sources */ = {isa = PBXBuildFile; fileRef = EAAE673B28CDBA0500790263 /* WeatherService.swift */; };
		F4A98FC47084FE07F68515CF /* Pods_WeatherAppTests.framework in Frameworks */ = {isa = PBXBuildFile; fileRef = 59A3223E3FC5134E2418691B /* Pods_WeatherAppTests.framework */; };
/* End PBXBuildFile section */

/* Begin PBXContainerItemProxy section */
		EA3EB2DB28C32191003E5766 /* PBXContainerItemProxy */ = {
			isa = PBXContainerItemProxy;
			containerPortal = EA3EB2BC28C3218E003E5766 /* Project object */;
			proxyType = 1;
			remoteGlobalIDString = EA3EB2C328C3218E003E5766;
			remoteInfo = WeatherApp;
		};
		EA3EB2E528C32191003E5766 /* PBXContainerItemProxy */ = {
			isa = PBXContainerItemProxy;
			containerPortal = EA3EB2BC28C3218E003E5766 /* Project object */;
			proxyType = 1;
			remoteGlobalIDString = EA3EB2C328C3218E003E5766;
			remoteInfo = WeatherApp;
		};
/* End PBXContainerItemProxy section */

/* Begin PBXFileReference section */
		19AE4F021E3A8236CAD739B6 /* Pods_WeatherApp.framework */ = {isa = PBXFileReference; explicitFileType = wrapper.framework; includeInIndex = 0; path = Pods_WeatherApp.framework; sourceTree = BUILT_PRODUCTS_DIR; };
		2D5D183A20A8087E85B4EEE9 /* Pods_WeatherApp_WeatherAppUITests.framework */ = {isa = PBXFileReference; explicitFileType = wrapper.framework; includeInIndex = 0; path = Pods_WeatherApp_WeatherAppUITests.framework; sourceTree = BUILT_PRODUCTS_DIR; };
		59A3223E3FC5134E2418691B /* Pods_WeatherAppTests.framework */ = {isa = PBXFileReference; explicitFileType = wrapper.framework; includeInIndex = 0; path = Pods_WeatherAppTests.framework; sourceTree = BUILT_PRODUCTS_DIR; };
		69309727677719E59087915A /* Pods-WeatherApp-WeatherAppUITests.debug.xcconfig */ = {isa = PBXFileReference; includeInIndex = 1; lastKnownFileType = text.xcconfig; name = "Pods-WeatherApp-WeatherAppUITests.debug.xcconfig"; path = "Target Support Files/Pods-WeatherApp-WeatherAppUITests/Pods-WeatherApp-WeatherAppUITests.debug.xcconfig"; sourceTree = "<group>"; };
		69374843C32D649EEDC4FBF3 /* Pods-WeatherApp-WeatherAppUITests.release.xcconfig */ = {isa = PBXFileReference; includeInIndex = 1; lastKnownFileType = text.xcconfig; name = "Pods-WeatherApp-WeatherAppUITests.release.xcconfig"; path = "Target Support Files/Pods-WeatherApp-WeatherAppUITests/Pods-WeatherApp-WeatherAppUITests.release.xcconfig"; sourceTree = "<group>"; };
		7F25D22C53EDC7D7FF77960C /* Pods-WeatherAppTests.debug.xcconfig */ = {isa = PBXFileReference; includeInIndex = 1; lastKnownFileType = text.xcconfig; name = "Pods-WeatherAppTests.debug.xcconfig"; path = "Target Support Files/Pods-WeatherAppTests/Pods-WeatherAppTests.debug.xcconfig"; sourceTree = "<group>"; };
		D3A57F3A3187A37414F98C62 /* Pods-WeatherApp.debug.xcconfig */ = {isa = PBXFileReference; includeInIndex = 1; lastKnownFileType = text.xcconfig; name = "Pods-WeatherApp.debug.xcconfig"; path = "Target Support Files/Pods-WeatherApp/Pods-WeatherApp.debug.xcconfig"; sourceTree = "<group>"; };
		DCF34CF70B7650D78E1D2E64 /* Pods-WeatherApp.release.xcconfig */ = {isa = PBXFileReference; includeInIndex = 1; lastKnownFileType = text.xcconfig; name = "Pods-WeatherApp.release.xcconfig"; path = "Target Support Files/Pods-WeatherApp/Pods-WeatherApp.release.xcconfig"; sourceTree = "<group>"; };
		DFF175704717B43D94535262 /* Pods-WeatherAppTests.release.xcconfig */ = {isa = PBXFileReference; includeInIndex = 1; lastKnownFileType = text.xcconfig; name = "Pods-WeatherAppTests.release.xcconfig"; path = "Target Support Files/Pods-WeatherAppTests/Pods-WeatherAppTests.release.xcconfig"; sourceTree = "<group>"; };
		EA3EB2C428C3218E003E5766 /* WeatherApp.app */ = {isa = PBXFileReference; explicitFileType = wrapper.application; includeInIndex = 0; path = WeatherApp.app; sourceTree = BUILT_PRODUCTS_DIR; };
		EA3EB2C728C3218E003E5766 /* AppDelegate.swift */ = {isa = PBXFileReference; lastKnownFileType = sourcecode.swift; path = AppDelegate.swift; sourceTree = "<group>"; };
		EA3EB2C928C3218E003E5766 /* SceneDelegate.swift */ = {isa = PBXFileReference; lastKnownFileType = sourcecode.swift; path = SceneDelegate.swift; sourceTree = "<group>"; };
		EA3EB2CB28C3218E003E5766 /* HomeViewController.swift */ = {isa = PBXFileReference; lastKnownFileType = sourcecode.swift; path = HomeViewController.swift; sourceTree = "<group>"; };
		EA3EB2D028C32190003E5766 /* Assets.xcassets */ = {isa = PBXFileReference; lastKnownFileType = folder.assetcatalog; path = Assets.xcassets; sourceTree = "<group>"; };
		EA3EB2D328C32190003E5766 /* Base */ = {isa = PBXFileReference; lastKnownFileType = file.storyboard; name = Base; path = Base.lproj/LaunchScreen.storyboard; sourceTree = "<group>"; };
		EA3EB2D528C32190003E5766 /* Info.plist */ = {isa = PBXFileReference; lastKnownFileType = text.plist.xml; path = Info.plist; sourceTree = "<group>"; };
		EA3EB2DA28C32191003E5766 /* WeatherAppTests.xctest */ = {isa = PBXFileReference; explicitFileType = wrapper.cfbundle; includeInIndex = 0; path = WeatherAppTests.xctest; sourceTree = BUILT_PRODUCTS_DIR; };
		EA3EB2DE28C32191003E5766 /* WeatherAppTests.swift */ = {isa = PBXFileReference; lastKnownFileType = sourcecode.swift; path = WeatherAppTests.swift; sourceTree = "<group>"; };
		EA3EB2E428C32191003E5766 /* WeatherAppUITests.xctest */ = {isa = PBXFileReference; explicitFileType = wrapper.cfbundle; includeInIndex = 0; path = WeatherAppUITests.xctest; sourceTree = BUILT_PRODUCTS_DIR; };
		EA3EB2E828C32191003E5766 /* WeatherAppUITests.swift */ = {isa = PBXFileReference; lastKnownFileType = sourcecode.swift; path = WeatherAppUITests.swift; sourceTree = "<group>"; };
		EA3EB2EA28C32191003E5766 /* WeatherAppUITestsLaunchTests.swift */ = {isa = PBXFileReference; lastKnownFileType = sourcecode.swift; path = WeatherAppUITestsLaunchTests.swift; sourceTree = "<group>"; };
		EAAE672A28CB43F600790263 /* AppCoordinator.swift */ = {isa = PBXFileReference; lastKnownFileType = sourcecode.swift; path = AppCoordinator.swift; sourceTree = "<group>"; };
		EAAE672D28CBB41D00790263 /* CityWeatherViewModel.swift */ = {isa = PBXFileReference; lastKnownFileType = sourcecode.swift; path = CityWeatherViewModel.swift; sourceTree = "<group>"; };
		EAAE672F28CBB43300790263 /* HomeViewModel.swift */ = {isa = PBXFileReference; lastKnownFileType = sourcecode.swift; path = HomeViewModel.swift; sourceTree = "<group>"; };
		EAAE673328CBB7C800790263 /* CityWeatherCollectionViewCell.swift */ = {isa = PBXFileReference; lastKnownFileType = sourcecode.swift; path = CityWeatherCollectionViewCell.swift; sourceTree = "<group>"; };
		EAAE673628CD102400790263 /* PlacesAutocompleteService.swift */ = {isa = PBXFileReference; lastKnownFileType = sourcecode.swift; path = PlacesAutocompleteService.swift; sourceTree = "<group>"; };
		EAAE673928CD108800790263 /* CoreDataManager.swift */ = {isa = PBXFileReference; lastKnownFileType = sourcecode.swift; path = CoreDataManager.swift; sourceTree = "<group>"; };
		EAAE673B28CDBA0500790263 /* WeatherService.swift */ = {isa = PBXFileReference; lastKnownFileType = sourcecode.swift; path = WeatherService.swift; sourceTree = "<group>"; };
/* End PBXFileReference section */

/* Begin PBXFrameworksBuildPhase section */
		EA3EB2C128C3218E003E5766 /* Frameworks */ = {
			isa = PBXFrameworksBuildPhase;
			buildActionMask = 2147483647;
			files = (
				7867F21E7967FA79B6F50E84 /* Pods_WeatherApp.framework in Frameworks */,
			);
			runOnlyForDeploymentPostprocessing = 0;
		};
		EA3EB2D728C32191003E5766 /* Frameworks */ = {
			isa = PBXFrameworksBuildPhase;
			buildActionMask = 2147483647;
			files = (
				F4A98FC47084FE07F68515CF /* Pods_WeatherAppTests.framework in Frameworks */,
			);
			runOnlyForDeploymentPostprocessing = 0;
		};
		EA3EB2E128C32191003E5766 /* Frameworks */ = {
			isa = PBXFrameworksBuildPhase;
			buildActionMask = 2147483647;
			files = (
				D2631C8012F2B253D8D1FE9E /* Pods_WeatherApp_WeatherAppUITests.framework in Frameworks */,
			);
			runOnlyForDeploymentPostprocessing = 0;
		};
/* End PBXFrameworksBuildPhase section */

/* Begin PBXGroup section */
		9FDED66BE36E6D228206AFBB /* Frameworks */ = {
			isa = PBXGroup;
			children = (
				19AE4F021E3A8236CAD739B6 /* Pods_WeatherApp.framework */,
				2D5D183A20A8087E85B4EEE9 /* Pods_WeatherApp_WeatherAppUITests.framework */,
				59A3223E3FC5134E2418691B /* Pods_WeatherAppTests.framework */,
			);
			name = Frameworks;
			sourceTree = "<group>";
		};
		D348FBADF652F4B221C575EC /* Pods */ = {
			isa = PBXGroup;
			children = (
				D3A57F3A3187A37414F98C62 /* Pods-WeatherApp.debug.xcconfig */,
				DCF34CF70B7650D78E1D2E64 /* Pods-WeatherApp.release.xcconfig */,
				69309727677719E59087915A /* Pods-WeatherApp-WeatherAppUITests.debug.xcconfig */,
				69374843C32D649EEDC4FBF3 /* Pods-WeatherApp-WeatherAppUITests.release.xcconfig */,
				7F25D22C53EDC7D7FF77960C /* Pods-WeatherAppTests.debug.xcconfig */,
				DFF175704717B43D94535262 /* Pods-WeatherAppTests.release.xcconfig */,
			);
			path = Pods;
			sourceTree = "<group>";
		};
		EA3EB2BB28C3218E003E5766 = {
			isa = PBXGroup;
			children = (
				EA3EB2C628C3218E003E5766 /* WeatherApp */,
				EA3EB2DD28C32191003E5766 /* WeatherAppTests */,
				EA3EB2E728C32191003E5766 /* WeatherAppUITests */,
				EA3EB2C528C3218E003E5766 /* Products */,
				D348FBADF652F4B221C575EC /* Pods */,
				9FDED66BE36E6D228206AFBB /* Frameworks */,
			);
			sourceTree = "<group>";
		};
		EA3EB2C528C3218E003E5766 /* Products */ = {
			isa = PBXGroup;
			children = (
				EA3EB2C428C3218E003E5766 /* WeatherApp.app */,
				EA3EB2DA28C32191003E5766 /* WeatherAppTests.xctest */,
				EA3EB2E428C32191003E5766 /* WeatherAppUITests.xctest */,
			);
			name = Products;
			sourceTree = "<group>";
		};
		EA3EB2C628C3218E003E5766 /* WeatherApp */ = {
			isa = PBXGroup;
			children = (
				EAAE673828CD106D00790263 /* DataStore */,
				EAAE673528CD0FF300790263 /* Service */,
				EAAE673228CBB79100790263 /* Views */,
				EAAE672C28CBB3E600790263 /* ViewModels */,
				EA3EB2C728C3218E003E5766 /* AppDelegate.swift */,
				EA3EB2C928C3218E003E5766 /* SceneDelegate.swift */,
				EA3EB2CB28C3218E003E5766 /* HomeViewController.swift */,
				EA3EB2D028C32190003E5766 /* Assets.xcassets */,
				EA3EB2D228C32190003E5766 /* LaunchScreen.storyboard */,
				EA3EB2D528C32190003E5766 /* Info.plist */,
				EAAE672A28CB43F600790263 /* AppCoordinator.swift */,
			);
			path = WeatherApp;
			sourceTree = "<group>";
		};
		EA3EB2DD28C32191003E5766 /* WeatherAppTests */ = {
			isa = PBXGroup;
			children = (
				EA3EB2DE28C32191003E5766 /* WeatherAppTests.swift */,
			);
			path = WeatherAppTests;
			sourceTree = "<group>";
		};
		EA3EB2E728C32191003E5766 /* WeatherAppUITests */ = {
			isa = PBXGroup;
			children = (
				EA3EB2E828C32191003E5766 /* WeatherAppUITests.swift */,
				EA3EB2EA28C32191003E5766 /* WeatherAppUITestsLaunchTests.swift */,
			);
			path = WeatherAppUITests;
			sourceTree = "<group>";
		};
		EAAE672C28CBB3E600790263 /* ViewModels */ = {
			isa = PBXGroup;
			children = (
				EAAE672D28CBB41D00790263 /* CityWeatherViewModel.swift */,
				EAAE672F28CBB43300790263 /* HomeViewModel.swift */,
			);
			path = ViewModels;
			sourceTree = "<group>";
		};
		EAAE673228CBB79100790263 /* Views */ = {
			isa = PBXGroup;
			children = (
				EAAE673328CBB7C800790263 /* CityWeatherCollectionViewCell.swift */,
			);
			path = Views;
			sourceTree = "<group>";
		};
		EAAE673528CD0FF300790263 /* Service */ = {
			isa = PBXGroup;
			children = (
				EAAE673628CD102400790263 /* PlacesAutocompleteService.swift */,
				EAAE673B28CDBA0500790263 /* WeatherService.swift */,
			);
			path = Service;
			sourceTree = "<group>";
		};
		EAAE673828CD106D00790263 /* DataStore */ = {
			isa = PBXGroup;
			children = (
				EAAE673928CD108800790263 /* CoreDataManager.swift */,
			);
			path = DataStore;
			sourceTree = "<group>";
		};
/* End PBXGroup section */

/* Begin PBXNativeTarget section */
		EA3EB2C328C3218E003E5766 /* WeatherApp */ = {
			isa = PBXNativeTarget;
			buildConfigurationList = EA3EB2EE28C32191003E5766 /* Build configuration list for PBXNativeTarget "WeatherApp" */;
			buildPhases = (
				DE6755CD25C5B92A8A3A3794 /* [CP] Check Pods Manifest.lock */,
				EA3EB2C028C3218E003E5766 /* Sources */,
				EA3EB2C128C3218E003E5766 /* Frameworks */,
				EA3EB2C228C3218E003E5766 /* Resources */,
				7F2D0DB005CF6BBBF5A91EC7 /* [CP] Embed Pods Frameworks */,
			);
			buildRules = (
			);
			dependencies = (
			);
			name = WeatherApp;
			productName = WeatherApp;
			productReference = EA3EB2C428C3218E003E5766 /* WeatherApp.app */;
			productType = "com.apple.product-type.application";
		};
		EA3EB2D928C32191003E5766 /* WeatherAppTests */ = {
			isa = PBXNativeTarget;
			buildConfigurationList = EA3EB2F128C32191003E5766 /* Build configuration list for PBXNativeTarget "WeatherAppTests" */;
			buildPhases = (
				089FA8076038BEB0ED3872FE /* [CP] Check Pods Manifest.lock */,
				EA3EB2D628C32191003E5766 /* Sources */,
				EA3EB2D728C32191003E5766 /* Frameworks */,
				EA3EB2D828C32191003E5766 /* Resources */,
			);
			buildRules = (
			);
			dependencies = (
				EA3EB2DC28C32191003E5766 /* PBXTargetDependency */,
			);
			name = WeatherAppTests;
			productName = WeatherAppTests;
			productReference = EA3EB2DA28C32191003E5766 /* WeatherAppTests.xctest */;
			productType = "com.apple.product-type.bundle.unit-test";
		};
		EA3EB2E328C32191003E5766 /* WeatherAppUITests */ = {
			isa = PBXNativeTarget;
			buildConfigurationList = EA3EB2F428C32191003E5766 /* Build configuration list for PBXNativeTarget "WeatherAppUITests" */;
			buildPhases = (
				18368929557FF3D0F2FABB24 /* [CP] Check Pods Manifest.lock */,
				EA3EB2E028C32191003E5766 /* Sources */,
				EA3EB2E128C32191003E5766 /* Frameworks */,
				EA3EB2E228C32191003E5766 /* Resources */,
				7B9341A670703A6EC9EC5569 /* [CP] Embed Pods Frameworks */,
			);
			buildRules = (
			);
			dependencies = (
				EA3EB2E628C32191003E5766 /* PBXTargetDependency */,
			);
			name = WeatherAppUITests;
			productName = WeatherAppUITests;
			productReference = EA3EB2E428C32191003E5766 /* WeatherAppUITests.xctest */;
			productType = "com.apple.product-type.bundle.ui-testing";
		};
/* End PBXNativeTarget section */

/* Begin PBXProject section */
		EA3EB2BC28C3218E003E5766 /* Project object */ = {
			isa = PBXProject;
			attributes = {
				BuildIndependentTargetsInParallel = 1;
				LastSwiftUpdateCheck = 1340;
				LastUpgradeCheck = 1340;
				TargetAttributes = {
					EA3EB2C328C3218E003E5766 = {
						CreatedOnToolsVersion = 13.4;
					};
					EA3EB2D928C32191003E5766 = {
						CreatedOnToolsVersion = 13.4;
						TestTargetID = EA3EB2C328C3218E003E5766;
					};
					EA3EB2E328C32191003E5766 = {
						CreatedOnToolsVersion = 13.4;
						TestTargetID = EA3EB2C328C3218E003E5766;
					};
				};
			};
			buildConfigurationList = EA3EB2BF28C3218E003E5766 /* Build configuration list for PBXProject "WeatherApp" */;
			compatibilityVersion = "Xcode 13.0";
			developmentRegion = en;
			hasScannedForEncodings = 0;
			knownRegions = (
				en,
				Base,
			);
			mainGroup = EA3EB2BB28C3218E003E5766;
			productRefGroup = EA3EB2C528C3218E003E5766 /* Products */;
			projectDirPath = "";
			projectRoot = "";
			targets = (
				EA3EB2C328C3218E003E5766 /* WeatherApp */,
				EA3EB2D928C32191003E5766 /* WeatherAppTests */,
				EA3EB2E328C32191003E5766 /* WeatherAppUITests */,
			);
		};
/* End PBXProject section */

/* Begin PBXResourcesBuildPhase section */
		EA3EB2C228C3218E003E5766 /* Resources */ = {
			isa = PBXResourcesBuildPhase;
			buildActionMask = 2147483647;
			files = (
				EA3EB2D428C32190003E5766 /* LaunchScreen.storyboard in Resources */,
				EA3EB2D128C32190003E5766 /* Assets.xcassets in Resources */,
			);
			runOnlyForDeploymentPostprocessing = 0;
		};
		EA3EB2D828C32191003E5766 /* Resources */ = {
			isa = PBXResourcesBuildPhase;
			buildActionMask = 2147483647;
			files = (
			);
			runOnlyForDeploymentPostprocessing = 0;
		};
		EA3EB2E228C32191003E5766 /* Resources */ = {
			isa = PBXResourcesBuildPhase;
			buildActionMask = 2147483647;
			files = (
			);
			runOnlyForDeploymentPostprocessing = 0;
		};
/* End PBXResourcesBuildPhase section */

/* Begin PBXShellScriptBuildPhase section */
		089FA8076038BEB0ED3872FE /* [CP] Check Pods Manifest.lock */ = {
			isa = PBXShellScriptBuildPhase;
			buildActionMask = 2147483647;
			files = (
			);
			inputFileListPaths = (
			);
			inputPaths = (
				"${PODS_PODFILE_DIR_PATH}/Podfile.lock",
				"${PODS_ROOT}/Manifest.lock",
			);
			name = "[CP] Check Pods Manifest.lock";
			outputFileListPaths = (
			);
			outputPaths = (
				"$(DERIVED_FILE_DIR)/Pods-WeatherAppTests-checkManifestLockResult.txt",
			);
			runOnlyForDeploymentPostprocessing = 0;
			shellPath = /bin/sh;
			shellScript = "diff \"${PODS_PODFILE_DIR_PATH}/Podfile.lock\" \"${PODS_ROOT}/Manifest.lock\" > /dev/null\nif [ $? != 0 ] ; then\n    # print error to STDERR\n    echo \"error: The sandbox is not in sync with the Podfile.lock. Run 'pod install' or update your CocoaPods installation.\" >&2\n    exit 1\nfi\n# This output is used by Xcode 'outputs' to avoid re-running this script phase.\necho \"SUCCESS\" > \"${SCRIPT_OUTPUT_FILE_0}\"\n";
			showEnvVarsInLog = 0;
		};
		18368929557FF3D0F2FABB24 /* [CP] Check Pods Manifest.lock */ = {
			isa = PBXShellScriptBuildPhase;
			buildActionMask = 2147483647;
			files = (
			);
			inputFileListPaths = (
			);
			inputPaths = (
				"${PODS_PODFILE_DIR_PATH}/Podfile.lock",
				"${PODS_ROOT}/Manifest.lock",
			);
			name = "[CP] Check Pods Manifest.lock";
			outputFileListPaths = (
			);
			outputPaths = (
				"$(DERIVED_FILE_DIR)/Pods-WeatherApp-WeatherAppUITests-checkManifestLockResult.txt",
			);
			runOnlyForDeploymentPostprocessing = 0;
			shellPath = /bin/sh;
			shellScript = "diff \"${PODS_PODFILE_DIR_PATH}/Podfile.lock\" \"${PODS_ROOT}/Manifest.lock\" > /dev/null\nif [ $? != 0 ] ; then\n    # print error to STDERR\n    echo \"error: The sandbox is not in sync with the Podfile.lock. Run 'pod install' or update your CocoaPods installation.\" >&2\n    exit 1\nfi\n# This output is used by Xcode 'outputs' to avoid re-running this script phase.\necho \"SUCCESS\" > \"${SCRIPT_OUTPUT_FILE_0}\"\n";
			showEnvVarsInLog = 0;
		};
		7B9341A670703A6EC9EC5569 /* [CP] Embed Pods Frameworks */ = {
			isa = PBXShellScriptBuildPhase;
			buildActionMask = 2147483647;
			files = (
			);
			inputFileListPaths = (
				"${PODS_ROOT}/Target Support Files/Pods-WeatherApp-WeatherAppUITests/Pods-WeatherApp-WeatherAppUITests-frameworks-${CONFIGURATION}-input-files.xcfilelist",
			);
			name = "[CP] Embed Pods Frameworks";
			outputFileListPaths = (
				"${PODS_ROOT}/Target Support Files/Pods-WeatherApp-WeatherAppUITests/Pods-WeatherApp-WeatherAppUITests-frameworks-${CONFIGURATION}-output-files.xcfilelist",
			);
			runOnlyForDeploymentPostprocessing = 0;
			shellPath = /bin/sh;
			shellScript = "\"${PODS_ROOT}/Target Support Files/Pods-WeatherApp-WeatherAppUITests/Pods-WeatherApp-WeatherAppUITests-frameworks.sh\"\n";
			showEnvVarsInLog = 0;
		};
		7F2D0DB005CF6BBBF5A91EC7 /* [CP] Embed Pods Frameworks */ = {
			isa = PBXShellScriptBuildPhase;
			buildActionMask = 2147483647;
			files = (
			);
			inputFileListPaths = (
				"${PODS_ROOT}/Target Support Files/Pods-WeatherApp/Pods-WeatherApp-frameworks-${CONFIGURATION}-input-files.xcfilelist",
			);
			name = "[CP] Embed Pods Frameworks";
			outputFileListPaths = (
				"${PODS_ROOT}/Target Support Files/Pods-WeatherApp/Pods-WeatherApp-frameworks-${CONFIGURATION}-output-files.xcfilelist",
			);
			runOnlyForDeploymentPostprocessing = 0;
			shellPath = /bin/sh;
			shellScript = "\"${PODS_ROOT}/Target Support Files/Pods-WeatherApp/Pods-WeatherApp-frameworks.sh\"\n";
			showEnvVarsInLog = 0;
		};
		DE6755CD25C5B92A8A3A3794 /* [CP] Check Pods Manifest.lock */ = {
			isa = PBXShellScriptBuildPhase;
			buildActionMask = 2147483647;
			files = (
			);
			inputFileListPaths = (
			);
			inputPaths = (
				"${PODS_PODFILE_DIR_PATH}/Podfile.lock",
				"${PODS_ROOT}/Manifest.lock",
			);
			name = "[CP] Check Pods Manifest.lock";
			outputFileListPaths = (
			);
			outputPaths = (
				"$(DERIVED_FILE_DIR)/Pods-WeatherApp-checkManifestLockResult.txt",
			);
			runOnlyForDeploymentPostprocessing = 0;
			shellPath = /bin/sh;
			shellScript = "diff \"${PODS_PODFILE_DIR_PATH}/Podfile.lock\" \"${PODS_ROOT}/Manifest.lock\" > /dev/null\nif [ $? != 0 ] ; then\n    # print error to STDERR\n    echo \"error: The sandbox is not in sync with the Podfile.lock. Run 'pod install' or update your CocoaPods installation.\" >&2\n    exit 1\nfi\n# This output is used by Xcode 'outputs' to avoid re-running this script phase.\necho \"SUCCESS\" > \"${SCRIPT_OUTPUT_FILE_0}\"\n";
			showEnvVarsInLog = 0;
		};
/* End PBXShellScriptBuildPhase section */

/* Begin PBXSourcesBuildPhase section */
		EA3EB2C028C3218E003E5766 /* Sources */ = {
			isa = PBXSourcesBuildPhase;
			buildActionMask = 2147483647;
			files = (
				EAAE673C28CDBA0500790263 /* WeatherService.swift in Sources */,
				EAAE672B28CB43F600790263 /* AppCoordinator.swift in Sources */,
				EAAE673428CBB7C800790263 /* CityWeatherCollectionViewCell.swift in Sources */,
				EAAE673028CBB43300790263 /* HomeViewModel.swift in Sources */,
				EA3EB2CC28C3218E003E5766 /* HomeViewController.swift in Sources */,
				EAAE672E28CBB41D00790263 /* CityWeatherViewModel.swift in Sources */,
				EAAE673728CD102400790263 /* PlacesAutocompleteService.swift in Sources */,
				EAAE673A28CD108800790263 /* CoreDataManager.swift in Sources */,
				EA3EB2C828C3218E003E5766 /* AppDelegate.swift in Sources */,
				EA3EB2CA28C3218E003E5766 /* SceneDelegate.swift in Sources */,
			);
			runOnlyForDeploymentPostprocessing = 0;
		};
		EA3EB2D628C32191003E5766 /* Sources */ = {
			isa = PBXSourcesBuildPhase;
			buildActionMask = 2147483647;
			files = (
				EA3EB2DF28C32191003E5766 /* WeatherAppTests.swift in Sources */,
			);
			runOnlyForDeploymentPostprocessing = 0;
		};
		EA3EB2E028C32191003E5766 /* Sources */ = {
			isa = PBXSourcesBuildPhase;
			buildActionMask = 2147483647;
			files = (
				EA3EB2E928C32191003E5766 /* WeatherAppUITests.swift in Sources */,
				EA3EB2EB28C32191003E5766 /* WeatherAppUITestsLaunchTests.swift in Sources */,
			);
			runOnlyForDeploymentPostprocessing = 0;
		};
/* End PBXSourcesBuildPhase section */

/* Begin PBXTargetDependency section */
		EA3EB2DC28C32191003E5766 /* PBXTargetDependency */ = {
			isa = PBXTargetDependency;
			target = EA3EB2C328C3218E003E5766 /* WeatherApp */;
			targetProxy = EA3EB2DB28C32191003E5766 /* PBXContainerItemProxy */;
		};
		EA3EB2E628C32191003E5766 /* PBXTargetDependency */ = {
			isa = PBXTargetDependency;
			target = EA3EB2C328C3218E003E5766 /* WeatherApp */;
			targetProxy = EA3EB2E528C32191003E5766 /* PBXContainerItemProxy */;
		};
/* End PBXTargetDependency section */

/* Begin PBXVariantGroup section */
		EA3EB2D228C32190003E5766 /* LaunchScreen.storyboard */ = {
			isa = PBXVariantGroup;
			children = (
				EA3EB2D328C32190003E5766 /* Base */,
			);
			name = LaunchScreen.storyboard;
			sourceTree = "<group>";
		};
/* End PBXVariantGroup section */

/* Begin XCBuildConfiguration section */
		EA3EB2EC28C32191003E5766 /* Debug */ = {
			isa = XCBuildConfiguration;
			buildSettings = {
				ALWAYS_SEARCH_USER_PATHS = NO;
				CLANG_ANALYZER_NONNULL = YES;
				CLANG_ANALYZER_NUMBER_OBJECT_CONVERSION = YES_AGGRESSIVE;
				CLANG_CXX_LANGUAGE_STANDARD = "gnu++17";
				CLANG_ENABLE_MODULES = YES;
				CLANG_ENABLE_OBJC_ARC = YES;
				CLANG_ENABLE_OBJC_WEAK = YES;
				CLANG_WARN_BLOCK_CAPTURE_AUTORELEASING = YES;
				CLANG_WARN_BOOL_CONVERSION = YES;
				CLANG_WARN_COMMA = YES;
				CLANG_WARN_CONSTANT_CONVERSION = YES;
				CLANG_WARN_DEPRECATED_OBJC_IMPLEMENTATIONS = YES;
				CLANG_WARN_DIRECT_OBJC_ISA_USAGE = YES_ERROR;
				CLANG_WARN_DOCUMENTATION_COMMENTS = YES;
				CLANG_WARN_EMPTY_BODY = YES;
				CLANG_WARN_ENUM_CONVERSION = YES;
				CLANG_WARN_INFINITE_RECURSION = YES;
				CLANG_WARN_INT_CONVERSION = YES;
				CLANG_WARN_NON_LITERAL_NULL_CONVERSION = YES;
				CLANG_WARN_OBJC_IMPLICIT_RETAIN_SELF = YES;
				CLANG_WARN_OBJC_LITERAL_CONVERSION = YES;
				CLANG_WARN_OBJC_ROOT_CLASS = YES_ERROR;
				CLANG_WARN_QUOTED_INCLUDE_IN_FRAMEWORK_HEADER = YES;
				CLANG_WARN_RANGE_LOOP_ANALYSIS = YES;
				CLANG_WARN_STRICT_PROTOTYPES = YES;
				CLANG_WARN_SUSPICIOUS_MOVE = YES;
				CLANG_WARN_UNGUARDED_AVAILABILITY = YES_AGGRESSIVE;
				CLANG_WARN_UNREACHABLE_CODE = YES;
				CLANG_WARN__DUPLICATE_METHOD_MATCH = YES;
				COPY_PHASE_STRIP = NO;
				DEBUG_INFORMATION_FORMAT = dwarf;
				ENABLE_STRICT_OBJC_MSGSEND = YES;
				ENABLE_TESTABILITY = YES;
				GCC_C_LANGUAGE_STANDARD = gnu11;
				GCC_DYNAMIC_NO_PIC = NO;
				GCC_NO_COMMON_BLOCKS = YES;
				GCC_OPTIMIZATION_LEVEL = 0;
				GCC_PREPROCESSOR_DEFINITIONS = (
					"DEBUG=1",
					"$(inherited)",
				);
				GCC_WARN_64_TO_32_BIT_CONVERSION = YES;
				GCC_WARN_ABOUT_RETURN_TYPE = YES_ERROR;
				GCC_WARN_UNDECLARED_SELECTOR = YES;
				GCC_WARN_UNINITIALIZED_AUTOS = YES_AGGRESSIVE;
				GCC_WARN_UNUSED_FUNCTION = YES;
				GCC_WARN_UNUSED_VARIABLE = YES;
				IPHONEOS_DEPLOYMENT_TARGET = 15.5;
				MTL_ENABLE_DEBUG_INFO = INCLUDE_SOURCE;
				MTL_FAST_MATH = YES;
				ONLY_ACTIVE_ARCH = YES;
				SDKROOT = iphoneos;
				SWIFT_ACTIVE_COMPILATION_CONDITIONS = DEBUG;
				SWIFT_OPTIMIZATION_LEVEL = "-Onone";
			};
			name = Debug;
		};
		EA3EB2ED28C32191003E5766 /* Release */ = {
			isa = XCBuildConfiguration;
			buildSettings = {
				ALWAYS_SEARCH_USER_PATHS = NO;
				CLANG_ANALYZER_NONNULL = YES;
				CLANG_ANALYZER_NUMBER_OBJECT_CONVERSION = YES_AGGRESSIVE;
				CLANG_CXX_LANGUAGE_STANDARD = "gnu++17";
				CLANG_ENABLE_MODULES = YES;
				CLANG_ENABLE_OBJC_ARC = YES;
				CLANG_ENABLE_OBJC_WEAK = YES;
				CLANG_WARN_BLOCK_CAPTURE_AUTORELEASING = YES;
				CLANG_WARN_BOOL_CONVERSION = YES;
				CLANG_WARN_COMMA = YES;
				CLANG_WARN_CONSTANT_CONVERSION = YES;
				CLANG_WARN_DEPRECATED_OBJC_IMPLEMENTATIONS = YES;
				CLANG_WARN_DIRECT_OBJC_ISA_USAGE = YES_ERROR;
				CLANG_WARN_DOCUMENTATION_COMMENTS = YES;
				CLANG_WARN_EMPTY_BODY = YES;
				CLANG_WARN_ENUM_CONVERSION = YES;
				CLANG_WARN_INFINITE_RECURSION = YES;
				CLANG_WARN_INT_CONVERSION = YES;
				CLANG_WARN_NON_LITERAL_NULL_CONVERSION = YES;
				CLANG_WARN_OBJC_IMPLICIT_RETAIN_SELF = YES;
				CLANG_WARN_OBJC_LITERAL_CONVERSION = YES;
				CLANG_WARN_OBJC_ROOT_CLASS = YES_ERROR;
				CLANG_WARN_QUOTED_INCLUDE_IN_FRAMEWORK_HEADER = YES;
				CLANG_WARN_RANGE_LOOP_ANALYSIS = YES;
				CLANG_WARN_STRICT_PROTOTYPES = YES;
				CLANG_WARN_SUSPICIOUS_MOVE = YES;
				CLANG_WARN_UNGUARDED_AVAILABILITY = YES_AGGRESSIVE;
				CLANG_WARN_UNREACHABLE_CODE = YES;
				CLANG_WARN__DUPLICATE_METHOD_MATCH = YES;
				COPY_PHASE_STRIP = NO;
				DEBUG_INFORMATION_FORMAT = "dwarf-with-dsym";
				ENABLE_NS_ASSERTIONS = NO;
				ENABLE_STRICT_OBJC_MSGSEND = YES;
				GCC_C_LANGUAGE_STANDARD = gnu11;
				GCC_NO_COMMON_BLOCKS = YES;
				GCC_WARN_64_TO_32_BIT_CONVERSION = YES;
				GCC_WARN_ABOUT_RETURN_TYPE = YES_ERROR;
				GCC_WARN_UNDECLARED_SELECTOR = YES;
				GCC_WARN_UNINITIALIZED_AUTOS = YES_AGGRESSIVE;
				GCC_WARN_UNUSED_FUNCTION = YES;
				GCC_WARN_UNUSED_VARIABLE = YES;
				IPHONEOS_DEPLOYMENT_TARGET = 15.5;
				MTL_ENABLE_DEBUG_INFO = NO;
				MTL_FAST_MATH = YES;
				SDKROOT = iphoneos;
				SWIFT_COMPILATION_MODE = wholemodule;
				SWIFT_OPTIMIZATION_LEVEL = "-O";
				VALIDATE_PRODUCT = YES;
			};
			name = Release;
		};
		EA3EB2EF28C32191003E5766 /* Debug */ = {
			isa = XCBuildConfiguration;
			baseConfigurationReference = D3A57F3A3187A37414F98C62 /* Pods-WeatherApp.debug.xcconfig */;
			buildSettings = {
				ASSETCATALOG_COMPILER_APPICON_NAME = AppIcon;
				ASSETCATALOG_COMPILER_GLOBAL_ACCENT_COLOR_NAME = AccentColor;
				CODE_SIGN_STYLE = Automatic;
				CURRENT_PROJECT_VERSION = 1;
				DEVELOPMENT_TEAM = P6WHULB4S4;
				GENERATE_INFOPLIST_FILE = YES;
				INFOPLIST_FILE = WeatherApp/Info.plist;
				INFOPLIST_KEY_UIApplicationSupportsIndirectInputEvents = YES;
				INFOPLIST_KEY_UILaunchStoryboardName = LaunchScreen;
				INFOPLIST_KEY_UISupportedInterfaceOrientations_iPad = "UIInterfaceOrientationPortrait UIInterfaceOrientationPortraitUpsideDown UIInterfaceOrientationLandscapeLeft UIInterfaceOrientationLandscapeRight";
				INFOPLIST_KEY_UISupportedInterfaceOrientations_iPhone = "UIInterfaceOrientationPortrait UIInterfaceOrientationLandscapeLeft UIInterfaceOrientationLandscapeRight";
				LD_RUNPATH_SEARCH_PATHS = (
					"$(inherited)",
					"@executable_path/Frameworks",
				);
				MARKETING_VERSION = 1.0;
				PRODUCT_BUNDLE_IDENTIFIER = com.demelo.weatherapp.WeatherApp;
				PRODUCT_NAME = "$(TARGET_NAME)";
				SWIFT_EMIT_LOC_STRINGS = YES;
				SWIFT_VERSION = 5.0;
				TARGETED_DEVICE_FAMILY = "1,2";
			};
			name = Debug;
		};
		EA3EB2F028C32191003E5766 /* Release */ = {
			isa = XCBuildConfiguration;
			baseConfigurationReference = DCF34CF70B7650D78E1D2E64 /* Pods-WeatherApp.release.xcconfig */;
			buildSettings = {
				ASSETCATALOG_COMPILER_APPICON_NAME = AppIcon;
				ASSETCATALOG_COMPILER_GLOBAL_ACCENT_COLOR_NAME = AccentColor;
				CODE_SIGN_STYLE = Automatic;
				CURRENT_PROJECT_VERSION = 1;
				DEVELOPMENT_TEAM = P6WHULB4S4;
				GENERATE_INFOPLIST_FILE = YES;
				INFOPLIST_FILE = WeatherApp/Info.plist;
				INFOPLIST_KEY_UIApplicationSupportsIndirectInputEvents = YES;
				INFOPLIST_KEY_UILaunchStoryboardName = LaunchScreen;
				INFOPLIST_KEY_UISupportedInterfaceOrientations_iPad = "UIInterfaceOrientationPortrait UIInterfaceOrientationPortraitUpsideDown UIInterfaceOrientationLandscapeLeft UIInterfaceOrientationLandscapeRight";
				INFOPLIST_KEY_UISupportedInterfaceOrientations_iPhone = "UIInterfaceOrientationPortrait UIInterfaceOrientationLandscapeLeft UIInterfaceOrientationLandscapeRight";
				LD_RUNPATH_SEARCH_PATHS = (
					"$(inherited)",
					"@executable_path/Frameworks",
				);
				MARKETING_VERSION = 1.0;
				PRODUCT_BUNDLE_IDENTIFIER = com.demelo.weatherapp.WeatherApp;
				PRODUCT_NAME = "$(TARGET_NAME)";
				SWIFT_EMIT_LOC_STRINGS = YES;
				SWIFT_VERSION = 5.0;
				TARGETED_DEVICE_FAMILY = "1,2";
			};
			name = Release;
		};
		EA3EB2F228C32191003E5766 /* Debug */ = {
			isa = XCBuildConfiguration;
			baseConfigurationReference = 7F25D22C53EDC7D7FF77960C /* Pods-WeatherAppTests.debug.xcconfig */;
			buildSettings = {
				ALWAYS_EMBED_SWIFT_STANDARD_LIBRARIES = YES;
				BUNDLE_LOADER = "$(TEST_HOST)";
				CODE_SIGN_STYLE = Automatic;
				CURRENT_PROJECT_VERSION = 1;
				DEVELOPMENT_TEAM = P6WHULB4S4;
				GENERATE_INFOPLIST_FILE = YES;
				IPHONEOS_DEPLOYMENT_TARGET = 15.5;
				MARKETING_VERSION = 1.0;
				PRODUCT_BUNDLE_IDENTIFIER = com.demelo.weatherapp.WeatherAppTests;
				PRODUCT_NAME = "$(TARGET_NAME)";
				SWIFT_EMIT_LOC_STRINGS = NO;
				SWIFT_VERSION = 5.0;
				TARGETED_DEVICE_FAMILY = "1,2";
				TEST_HOST = "$(BUILT_PRODUCTS_DIR)/WeatherApp.app/WeatherApp";
			};
			name = Debug;
		};
		EA3EB2F328C32191003E5766 /* Release */ = {
			isa = XCBuildConfiguration;
			baseConfigurationReference = DFF175704717B43D94535262 /* Pods-WeatherAppTests.release.xcconfig */;
			buildSettings = {
				ALWAYS_EMBED_SWIFT_STANDARD_LIBRARIES = YES;
				BUNDLE_LOADER = "$(TEST_HOST)";
				CODE_SIGN_STYLE = Automatic;
				CURRENT_PROJECT_VERSION = 1;
				DEVELOPMENT_TEAM = P6WHULB4S4;
				GENERATE_INFOPLIST_FILE = YES;
				IPHONEOS_DEPLOYMENT_TARGET = 15.5;
				MARKETING_VERSION = 1.0;
				PRODUCT_BUNDLE_IDENTIFIER = com.demelo.weatherapp.WeatherAppTests;
				PRODUCT_NAME = "$(TARGET_NAME)";
				SWIFT_EMIT_LOC_STRINGS = NO;
				SWIFT_VERSION = 5.0;
				TARGETED_DEVICE_FAMILY = "1,2";
				TEST_HOST = "$(BUILT_PRODUCTS_DIR)/WeatherApp.app/WeatherApp";
			};
			name = Release;
		};
		EA3EB2F528C32191003E5766 /* Debug */ = {
			isa = XCBuildConfiguration;
			baseConfigurationReference = 69309727677719E59087915A /* Pods-WeatherApp-WeatherAppUITests.debug.xcconfig */;
			buildSettings = {
				ALWAYS_EMBED_SWIFT_STANDARD_LIBRARIES = YES;
				CODE_SIGN_STYLE = Automatic;
				CURRENT_PROJECT_VERSION = 1;
				DEVELOPMENT_TEAM = P6WHULB4S4;
				GENERATE_INFOPLIST_FILE = YES;
				MARKETING_VERSION = 1.0;
				PRODUCT_BUNDLE_IDENTIFIER = com.demelo.weatherapp.WeatherAppUITests;
				PRODUCT_NAME = "$(TARGET_NAME)";
				SWIFT_EMIT_LOC_STRINGS = NO;
				SWIFT_VERSION = 5.0;
				TARGETED_DEVICE_FAMILY = "1,2";
				TEST_TARGET_NAME = WeatherApp;
			};
			name = Debug;
		};
		EA3EB2F628C32191003E5766 /* Release */ = {
			isa = XCBuildConfiguration;
			baseConfigurationReference = 69374843C32D649EEDC4FBF3 /* Pods-WeatherApp-WeatherAppUITests.release.xcconfig */;
			buildSettings = {
				ALWAYS_EMBED_SWIFT_STANDARD_LIBRARIES = YES;
				CODE_SIGN_STYLE = Automatic;
				CURRENT_PROJECT_VERSION = 1;
				DEVELOPMENT_TEAM = P6WHULB4S4;
				GENERATE_INFOPLIST_FILE = YES;
				MARKETING_VERSION = 1.0;
				PRODUCT_BUNDLE_IDENTIFIER = com.demelo.weatherapp.WeatherAppUITests;
				PRODUCT_NAME = "$(TARGET_NAME)";
				SWIFT_EMIT_LOC_STRINGS = NO;
				SWIFT_VERSION = 5.0;
				TARGETED_DEVICE_FAMILY = "1,2";
				TEST_TARGET_NAME = WeatherApp;
			};
			name = Release;
		};
/* End XCBuildConfiguration section */

/* Begin XCConfigurationList section */
		EA3EB2BF28C3218E003E5766 /* Build configuration list for PBXProject "WeatherApp" */ = {
			isa = XCConfigurationList;
			buildConfigurations = (
				EA3EB2EC28C32191003E5766 /* Debug */,
				EA3EB2ED28C32191003E5766 /* Release */,
			);
			defaultConfigurationIsVisible = 0;
			defaultConfigurationName = Release;
		};
		EA3EB2EE28C32191003E5766 /* Build configuration list for PBXNativeTarget "WeatherApp" */ = {
			isa = XCConfigurationList;
			buildConfigurations = (
				EA3EB2EF28C32191003E5766 /* Debug */,
				EA3EB2F028C32191003E5766 /* Release */,
			);
			defaultConfigurationIsVisible = 0;
			defaultConfigurationName = Release;
		};
		EA3EB2F128C32191003E5766 /* Build configuration list for PBXNativeTarget "WeatherAppTests" */ = {
			isa = XCConfigurationList;
			buildConfigurations = (
				EA3EB2F228C32191003E5766 /* Debug */,
				EA3EB2F328C32191003E5766 /* Release */,
			);
			defaultConfigurationIsVisible = 0;
			defaultConfigurationName = Release;
		};
		EA3EB2F428C32191003E5766 /* Build configuration list for PBXNativeTarget "WeatherAppUITests" */ = {
			isa = XCConfigurationList;
			buildConfigurations = (
				EA3EB2F528C32191003E5766 /* Debug */,
				EA3EB2F628C32191003E5766 /* Release */,
			);
			defaultConfigurationIsVisible = 0;
			defaultConfigurationName = Release;
		};
/* End XCConfigurationList section */
	};
	rootObject = EA3EB2BC28C3218E003E5766 /* Project object */;
}
